
Microsoft Visual Studio Solution File, Format Version 12.00
# Visual Studio 2015
Project("{FAE04EC0-301F-11D3-BF4B-00C04F79EFBC}") = "BugAndPath", "BugAndPath.csproj", "{CE687866-A0B9-2078-BD43-9500C4D0D6E7}"
EndProject
Project("{FAE04EC0-301F-11D3-BF4B-00C04F79EFBC}") = "BugAndPath.Editor", "BugAndPath.Editor.csproj", "{EA74D644-C446-A0F3-4D23-B0E086673B00}"
EndProject
Global
	GlobalSection(SolutionConfigurationPlatforms) = preSolution
		Debug|Any CPU = Debug|Any CPU
		Release|Any CPU = Release|Any CPU
	EndGlobalSection
	GlobalSection(ProjectConfigurationPlatforms) = postSolution
		{CE687866-A0B9-2078-BD43-9500C4D0D6E7}.Debug|Any CPU.ActiveCfg = Debug|Any CPU
		{CE687866-A0B9-2078-BD43-9500C4D0D6E7}.Debug|Any CPU.Build.0 = Debug|Any CPU
		{CE687866-A0B9-2078-BD43-9500C4D0D6E7}.Release|Any CPU.ActiveCfg = Release|Any CPU
		{CE687866-A0B9-2078-BD43-9500C4D0D6E7}.Release|Any CPU.Build.0 = Release|Any CPU
		{EA74D644-C446-A0F3-4D23-B0E086673B00}.Debug|Any CPU.ActiveCfg = Debug|Any CPU
		{EA74D644-C446-A0F3-4D23-B0E086673B00}.Debug|Any CPU.Build.0 = Debug|Any CPU
		{EA74D644-C446-A0F3-4D23-B0E086673B00}.Release|Any CPU.ActiveCfg = Release|Any CPU
		{EA74D644-C446-A0F3-4D23-B0E086673B00}.Release|Any CPU.Build.0 = Release|Any CPU
	EndGlobalSection
	GlobalSection(SolutionProperties) = preSolution
		HideSolutionNode = FALSE
	EndGlobalSection
EndGlobal
